PODS:
  - Flutter (1.0.0)
  - integration_test (0.0.1):
    - Flutter
  - ysx_image_check_face (0.0.1):
    - Flutter

DEPENDENCIES:
  - Flutter (from `Flutter`)
  - integration_test (from `.symlinks/plugins/integration_test/ios`)
  - ysx_image_check_face (from `.symlinks/plugins/ysx_image_check_face/ios`)

EXTERNAL SOURCES:
  Flutter:
    :path: Flutter
  integration_test:
    :path: ".symlinks/plugins/integration_test/ios"
  ysx_image_check_face:
    :path: ".symlinks/plugins/ysx_image_check_face/ios"

SPEC CHECKSUMS:
  Flutter: e0871f40cf51350855a761d2e70bf5af5b9b5de7
  integration_test: 252f60fa39af5e17c3aa9899d35d908a0721b573
  ysx_image_check_face: def946c6893c4d7486f81716f3a37f18e0a9a1a7

PODFILE CHECKSUM: 819463e6a0290f5a72f145ba7cde16e8b6ef0796

COCOAPODS: 1.16.2
